
Microsoft Visual Studio Solution File, Format Version 12.00
# Visual Studio 15
VisualStudioVersion = 15.0.28307.421
MinimumVisualStudioVersion = 10.0.40219.1
Project("{FAE04EC0-301F-11D3-BF4B-00C04F79EFBC}") = "Helloworld", "Helloworld\Helloworld.csproj", "{9CCB7A01-C303-4088-8362-4D6F67554965}"
EndProject
Global
	GlobalSection(SolutionConfigurationPlatforms) = preSolution
		Debug|Any CPU = Debug|Any CPU
		Release|Any CPU = Release|Any CPU
	EndGlobalSection
	GlobalSection(ProjectConfigurationPlatforms) = postSolution
		{9CCB7A01-C303-4088-8362-4D6F67554965}.Debug|Any CPU.ActiveCfg = Debug|Any CPU
		{9CCB7A01-C303-4088-8362-4D6F67554965}.Debug|Any CPU.Build.0 = Debug|Any CPU
		{9CCB7A01-C303-4088-8362-4D6F67554965}.Release|Any CPU.ActiveCfg = Release|Any CPU
		{9CCB7A01-C303-4088-8362-4D6F67554965}.Release|Any CPU.Build.0 = Release|Any CPU
	EndGlobalSection
	GlobalSection(SolutionProperties) = preSolution
		HideSolutionNode = FALSE
	EndGlobalSection
	GlobalSection(ExtensibilityGlobals) = postSolution
		SolutionGuid = {E22F726D-5418-4F8C-91DA-252826526B57}
	EndGlobalSection
EndGlobal
